
Microsoft Visual Studio Solution File, Format Version 12.00
# Visual Studio Version 16
VisualStudioVersion = 16.0.30804.86
MinimumVisualStudioVersion = 10.0.40219.1
Project("{FAE04EC0-301F-11D3-BF4B-00C04F79EFBC}") = "BookStore-API2", "BookStore-API2\BookStore-API2.csproj", "{51652B43-0EE4-4BD7-B030-87D6F096D714}"
EndProject
Global
	GlobalSection(SolutionConfigurationPlatforms) = preSolution
		Debug|Any CPU = Debug|Any CPU
		Release|Any CPU = Release|Any CPU
	EndGlobalSection
	GlobalSection(ProjectConfigurationPlatforms) = postSolution
		{51652B43-0EE4-4BD7-B030-87D6F096D714}.Debug|Any CPU.ActiveCfg = Debug|Any CPU
		{51652B43-0EE4-4BD7-B030-87D6F096D714}.Debug|Any CPU.Build.0 = Debug|Any CPU
		{51652B43-0EE4-4BD7-B030-87D6F096D714}.Release|Any CPU.ActiveCfg = Release|Any CPU
		{51652B43-0EE4-4BD7-B030-87D6F096D714}.Release|Any CPU.Build.0 = Release|Any CPU
	EndGlobalSection
	GlobalSection(SolutionProperties) = preSolution
		HideSolutionNode = FALSE
	EndGlobalSection
	GlobalSection(ExtensibilityGlobals) = postSolution
		SolutionGuid = {C8EB16DE-774F-4188-BB0E-C3B48BC7E2E6}
	EndGlobalSection
EndGlobal
